# Direct runtime pins for the immutable 4KAgent checkout.
# Security-updated PyTorch wheels are installed from the CUDA 12.6 index.
torch==2.10.0+cu126
torchvision==0.25.0+cu126
torchaudio==2.10.0+cu126
numpy==1.26.4
scipy==1.14.1
Pillow==12.3.0
opencv-python-headless==4.9.0.80
PyYAML==6.0.1
Requests==2.33.0
tqdm==4.67.1
easydict==1.13
einops==0.8.0
setuptools==83.0.0
transformers==5.5.0
tokenizers==0.22.2
accelerate==1.14.0
peft==0.19.1
outlines==0.2.1
addict==2.4.0
bitsandbytes==0.45.0
future==1.0.0
icecream==2.1.4
lmdb==1.6.2
openai-clip==1.0.1
packaging==26.2
pandas==2.0.3
protobuf==6.33.5
pre-commit==4.2.0
scikit-image==0.21.0
sentencepiece==0.2.1
tensorboard==2.21.0
yapf==0.43.0
pytorch-msssim==1.0.0
torch-optimizer==0.3.0
pytorch-ranger==0.1.1
torchsde==0.2.6
torchstat==0.0.7
torchsummary==1.5.1
ptflops==0.6.4
thop==0.1.1.post2209072238
lpips==0.1.4
basicsr==1.4.2
facexlib==0.3.0
realesrgan==0.3.0
timm==1.0.14
omegaconf==2.3.0
ftfy==6.2.0
openai==1.99.1
# HPSv2 is installed from hpsv2.override.lock with --no-deps because its
# training/test metadata hard-pins vulnerable inference dependencies.
braceexpand==0.1.7
clint==0.5.1
fsspec==2026.6.0
pyarrow==25.0.0
regex==2026.7.19
webdataset==1.0.2
termcolor==3.1.0
natsort==7.1.1
tensorboardX==2.6.4
scikit-learn==1.7.1
rich==14.1.0
six==1.17.0
